{
  "nodes": {
    "flake-utils": {
      "locked": {
        "lastModified": 1644229661,
        "narHash": "sha256-1YdnJAsNy69bpcjuoKdOYQX0YxZBiCYZo4Twxerqv7k=",
        "owner": "numtide",
        "repo": "flake-utils",
        "rev": "3cecb5b042f7f209c56ffd8371b2711a290ec797",
        "type": "github"
      },
      "original": {
        "owner": "numtide",
        "repo": "flake-utils",
        "type": "github"
      }
    },
    "nixpkgs": {
      "locked": {
        "lastModified": 1650890262,
        "narHash": "sha256-yuLdHPdTyC7kecQorpDQqZBAIt+dFiuEmoAR1gfGAf0=",
        "ref": "funkinnixpkgs",
        "rev": "3ffa3153194b73ee9fe7512be8495146ea5a23c1",
        "revCount": 372559,
        "type": "git",
        "url": "file:///home/marius/nixpkgs"
      },
      "original": {
        "type": "git",
        "url": "file:///home/marius/nixpkgs"
      }
    },
    "root": {
      "inputs": {
        "flake-utils": "flake-utils",
        "nixpkgs": "nixpkgs"
      }
    }
  },
  "root": "root",
  "version": 7
}
