{
  "nodes": {
    "flake-utils": {
      "locked": {
        "lastModified": 1644229661,
        "narHash": "sha256-1YdnJAsNy69bpcjuoKdOYQX0YxZBiCYZo4Twxerqv7k=",
        "owner": "numtide",
        "repo": "flake-utils",
        "rev": "3cecb5b042f7f209c56ffd8371b2711a290ec797",
        "type": "github"
      },
      "original": {
        "owner": "numtide",
        "repo": "flake-utils",
        "type": "github"
      }
    },
    "nixpkgs": {
      "locked": {
        "lastModified": 1628937776,
        "narHash": "sha256-TigXK64p8YGG629yNHbsLoGEZKE52soZyzcC+n5P1ac=",
        "owner": "marius851000",
        "repo": "nixpkgs",
        "rev": "a1cbf607e96b4971ae3716f90913cad70df73195",
        "type": "github"
      },
      "original": {
        "owner": "marius851000",
        "repo": "nixpkgs",
        "rev": "a1cbf607e96b4971ae3716f90913cad70df73195",
        "type": "github"
      }
    },
    "root": {
      "inputs": {
        "flake-utils": "flake-utils",
        "nixpkgs": "nixpkgs"
      }
    }
  },
  "root": "root",
  "version": 7
}
